
Microsoft Visual Studio Solution File, Format Version 12.00
# Visual Studio Version 16
VisualStudioVersion = 16.0.29806.167
MinimumVisualStudioVersion = 10.0.40219.1
Project("{FAE04EC0-301F-11D3-BF4B-00C04F79EFBC}") = "MinimalDDD.Infra", "MinimalDDD.Infra\MinimalDDD.Infra.csproj", "{ECBCDEE9-150F-49AD-B777-14E8D6E0A5D1}"
EndProject
Project("{FAE04EC0-301F-11D3-BF4B-00C04F79EFBC}") = "MinimalDDD.Api", "MinimalDDD.Api\MinimalDDD.Api.csproj", "{707C4A9D-4D7A-4E70-B8AE-4DE41EE7E97A}"
EndProject
Project("{FAE04EC0-301F-11D3-BF4B-00C04F79EFBC}") = "MinimalDDD.Domain", "MinimalDDD.Domain\MinimalDDD.Domain.csproj", "{2922BAAB-72C9-4C94-BF49-4A704BCA6EC4}"
EndProject
Project("{FAE04EC0-301F-11D3-BF4B-00C04F79EFBC}") = "MinimalDDD.Business", "MinimalDDD.Business\MinimalDDD.Business.csproj", "{4C64C7C9-5A37-49C4-93AC-0AA1BA99F201}"
EndProject
Global
	GlobalSection(SolutionConfigurationPlatforms) = preSolution
		Debug|Any CPU = Debug|Any CPU
		Release|Any CPU = Release|Any CPU
	EndGlobalSection
	GlobalSection(ProjectConfigurationPlatforms) = postSolution
		{ECBCDEE9-150F-49AD-B777-14E8D6E0A5D1}.Debug|Any CPU.ActiveCfg = Debug|Any CPU
		{ECBCDEE9-150F-49AD-B777-14E8D6E0A5D1}.Debug|Any CPU.Build.0 = Debug|Any CPU
		{ECBCDEE9-150F-49AD-B777-14E8D6E0A5D1}.Release|Any CPU.ActiveCfg = Release|Any CPU
		{ECBCDEE9-150F-49AD-B777-14E8D6E0A5D1}.Release|Any CPU.Build.0 = Release|Any CPU
		{707C4A9D-4D7A-4E70-B8AE-4DE41EE7E97A}.Debug|Any CPU.ActiveCfg = Debug|Any CPU
		{707C4A9D-4D7A-4E70-B8AE-4DE41EE7E97A}.Debug|Any CPU.Build.0 = Debug|Any CPU
		{707C4A9D-4D7A-4E70-B8AE-4DE41EE7E97A}.Release|Any CPU.ActiveCfg = Release|Any CPU
		{707C4A9D-4D7A-4E70-B8AE-4DE41EE7E97A}.Release|Any CPU.Build.0 = Release|Any CPU
		{2922BAAB-72C9-4C94-BF49-4A704BCA6EC4}.Debug|Any CPU.ActiveCfg = Debug|Any CPU
		{2922BAAB-72C9-4C94-BF49-4A704BCA6EC4}.Debug|Any CPU.Build.0 = Debug|Any CPU
		{2922BAAB-72C9-4C94-BF49-4A704BCA6EC4}.Release|Any CPU.ActiveCfg = Release|Any CPU
		{2922BAAB-72C9-4C94-BF49-4A704BCA6EC4}.Release|Any CPU.Build.0 = Release|Any CPU
		{4C64C7C9-5A37-49C4-93AC-0AA1BA99F201}.Debug|Any CPU.ActiveCfg = Debug|Any CPU
		{4C64C7C9-5A37-49C4-93AC-0AA1BA99F201}.Debug|Any CPU.Build.0 = Debug|Any CPU
		{4C64C7C9-5A37-49C4-93AC-0AA1BA99F201}.Release|Any CPU.ActiveCfg = Release|Any CPU
		{4C64C7C9-5A37-49C4-93AC-0AA1BA99F201}.Release|Any CPU.Build.0 = Release|Any CPU
	EndGlobalSection
	GlobalSection(SolutionProperties) = preSolution
		HideSolutionNode = FALSE
	EndGlobalSection
	GlobalSection(ExtensibilityGlobals) = postSolution
		SolutionGuid = {92CAEF36-D51E-4A49-845C-7ABA455154EF}
	EndGlobalSection
EndGlobal
